{
  "name": "get-file",
  "version": "0.2.0",
  "lockfileVersion": 1,
  "dependencies": {
    "ansi-bgblack": {
      "version": "0.1.1",
      "resolved": "https://registry.npmjs.org/ansi-bgblack/-/ansi-bgblack-0.1.1.tgz",
      "integrity": "sha1-poulAHiHcBtqr74/oNrf36juPKI="
    },
    "ansi-bgblue": {
      "version": "0.1.1",
      "resolved": "https://registry.npmjs.org/ansi-bgblue/-/ansi-bgblue-0.1.1.tgz",
      "integrity": "sha1-Z73ATtybm1J4lp2hlt6j11yMNhM="
    },
    "ansi-bgcyan": {
      "version": "0.1.1",
      "resolved": "https://registry.npmjs.org/ansi-bgcyan/-/ansi-bgcyan-0.1.1.tgz",
      "integrity": "sha1-WEiUJWAL3p9VBwaN2Wnr/bUP52g="
    },
    "ansi-bggreen": {
      "version": "0.1.1",
      "resolved": "https://registry.npmjs.org/ansi-bggreen/-/ansi-bggreen-0.1.1.tgz",
      "integrity": "sha1-TjGRJIUplD9DIelr8THRwTgWr0k="
    },
    "ansi-bgmagenta": {
      "version": "0.1.1",
      "resolved": "https://registry.npmjs.org/ansi-bgmagenta/-/ansi-bgmagenta-0.1.1.tgz",
      "integrity": "sha1-myhDLAduqpmUGGcqPvvhk5HCx6E="
    },
    "ansi-bgred": {
      "version": "0.1.1",
      "resolved": "https://registry.npmjs.org/ansi-bgred/-/ansi-bgred-0.1.1.tgz",
      "integrity": "sha1-p2+Sg4OCukMpCmwXeEJPmE1vEEE="
    },
    "ansi-bgwhite": {
      "version": "0.1.1",
      "resolved": "https://registry.npmjs.org/ansi-bgwhite/-/ansi-bgwhite-0.1.1.tgz",
      "integrity": "sha1-ZQRlE3elim7OzQMxmU5IAljhG6g="
    },
    "ansi-bgyellow": {
      "version": "0.1.1",
      "resolved": "https://registry.npmjs.org/ansi-bgyellow/-/ansi-bgyellow-0.1.1.tgz",
      "integrity": "sha1-w/4usIzUdmSAKeaHTRWgs49h1E8="
    },
    "ansi-black": {
      "version": "0.1.1",
      "resolved": "https://registry.npmjs.org/ansi-black/-/ansi-black-0.1.1.tgz",
      "integrity": "sha1-9hheiJNgslRaHsUMC/Bj/EMDJFM="
    },
    "ansi-blue": {
      "version": "0.1.1",
      "resolved": "https://registry.npmjs.org/ansi-blue/-/ansi-blue-0.1.1.tgz",
      "integrity": "sha1-FbgEmQ6S/JyoxUds6PaZd3wh7b8="
    },
    "ansi-bold": {
      "version": "0.1.1",
      "resolved": "https://registry.npmjs.org/ansi-bold/-/ansi-bold-0.1.1.tgz",
      "integrity": "sha1-PmOVCvWswq4uZw5vZ96xFdGl9QU="
    },
    "ansi-colors": {
      "version": "0.2.0",
      "resolved": "https://registry.npmjs.org/ansi-colors/-/ansi-colors-0.2.0.tgz",
      "integrity": "sha1-csMd4qDZoszQysMMyYI+6y9kNLU="
    },
    "ansi-cyan": {
      "version": "0.1.1",
      "resolved": "https://registry.npmjs.org/ansi-cyan/-/ansi-cyan-0.1.1.tgz",
      "integrity": "sha1-U4rlKK+JgvKK4w2G8vF0VtJgmHM="
    },
    "ansi-dim": {
      "version": "0.1.1",
      "resolved": "https://registry.npmjs.org/ansi-dim/-/ansi-dim-0.1.1.tgz",
      "integrity": "sha1-QN5MYDqoCG2Oeoa4/5mNXDbu/Ww="
    },
    "ansi-gray": {
      "version": "0.1.1",
      "resolved": "https://registry.npmjs.org/ansi-gray/-/ansi-gray-0.1.1.tgz",
      "integrity": "sha1-KWLPVOyXksSFEKPetSRDaGHvclE="
    },
    "ansi-green": {
      "version": "0.1.1",
      "resolved": "https://registry.npmjs.org/ansi-green/-/ansi-green-0.1.1.tgz",
      "integrity": "sha1-il2al55FjVfEDjNYCzc5C44Q0Pc="
    },
    "ansi-grey": {
      "version": "0.1.1",
      "resolved": "https://registry.npmjs.org/ansi-grey/-/ansi-grey-0.1.1.tgz",
      "integrity": "sha1-WdmLasK6GfilF5jphT+6eDOaM8E="
    },
    "ansi-hidden": {
      "version": "0.1.1",
      "resolved": "https://registry.npmjs.org/ansi-hidden/-/ansi-hidden-0.1.1.tgz",
      "integrity": "sha1-7WpMSY0rt8uyidvyqNHcyFZ/rg8="
    },
    "ansi-inverse": {
      "version": "0.1.1",
      "resolved": "https://registry.npmjs.org/ansi-inverse/-/ansi-inverse-0.1.1.tgz",
      "integrity": "sha1-tq9Fgm/oJr+1KKbHmIV5Q1XM0mk="
    },
    "ansi-italic": {
      "version": "0.1.1",
      "resolved": "https://registry.npmjs.org/ansi-italic/-/ansi-italic-0.1.1.tgz",
      "integrity": "sha1-EEdDRj9iXBQqA2c5z4XtpoiYbyM="
    },
    "ansi-magenta": {
      "version": "0.1.1",
      "resolved": "https://registry.npmjs.org/ansi-magenta/-/ansi-magenta-0.1.1.tgz",
      "integrity": "sha1-BjtboW+z8j4c/aKwfAqJ3hHkMK4="
    },
    "ansi-red": {
      "version": "0.1.1",
      "resolved": "https://registry.npmjs.org/ansi-red/-/ansi-red-0.1.1.tgz",
      "integrity": "sha1-jGOPnRCAgAo1PJwoyKgcpHBdlGw="
    },
    "ansi-reset": {
      "version": "0.1.1",
      "resolved": "https://registry.npmjs.org/ansi-reset/-/ansi-reset-0.1.1.tgz",
      "integrity": "sha1-5+cSksPH3c1NYu9KbHwFmAkRw7c="
    },
    "ansi-strikethrough": {
      "version": "0.1.1",
      "resolved": "https://registry.npmjs.org/ansi-strikethrough/-/ansi-strikethrough-0.1.1.tgz",
      "integrity": "sha1-2Eh3FAss/wfRyT685pkE9oiF5Wg="
    },
    "ansi-underline": {
      "version": "0.1.1",
      "resolved": "https://registry.npmjs.org/ansi-underline/-/ansi-underline-0.1.1.tgz",
      "integrity": "sha1-38kg9Ml7WXfqFi34/7mIMIqqcaQ="
    },
    "ansi-white": {
      "version": "0.1.1",
      "resolved": "https://registry.npmjs.org/ansi-white/-/ansi-white-0.1.1.tgz",
      "integrity": "sha1-nHe3wZPF7pkuYBHTbsTJIbRXiUQ="
    },
    "ansi-wrap": {
      "version": "0.1.0",
      "resolved": "https://registry.npmjs.org/ansi-wrap/-/ansi-wrap-0.1.0.tgz",
      "integrity": "sha1-qCJQ3bABXponyoLoLqYDu/pF768="
    },
    "ansi-yellow": {
      "version": "0.1.1",
      "resolved": "https://registry.npmjs.org/ansi-yellow/-/ansi-yellow-0.1.1.tgz",
      "integrity": "sha1-y5NW8vRscy8OMZnmEClVp32oPB0="
    },
    "argparse": {
      "version": "0.1.16",
      "resolved": "https://registry.npmjs.org/argparse/-/argparse-0.1.16.tgz",
      "integrity": "sha1-z9AeD7uj1srtBJ+9dY1A9lGW9Xw=",
      "dev": true
    },
    "arr-union": {
      "version": "3.1.0",
      "resolved": "https://registry.npmjs.org/arr-union/-/arr-union-3.1.0.tgz",
      "integrity": "sha1-45sJrqne+Gao8gbiiK9jkZuuOcQ=",
      "dev": true
    },
    "array-slice": {
      "version": "0.2.3",
      "resolved": "https://registry.npmjs.org/array-slice/-/array-slice-0.2.3.tgz",
      "integrity": "sha1-3Tz7gO15c6dRF82sabC5nshhhvU=",
      "dev": true
    },
    "atob": {
      "version": "2.0.3",
      "resolved": "https://registry.npmjs.org/atob/-/atob-2.0.3.tgz",
      "integrity": "sha1-GcenYEc3dEaPILLS0DNyrX1Mv10=",
      "dev": true
    },
    "autolinker": {
      "version": "0.15.3",
      "resolved": "https://registry.npmjs.org/autolinker/-/autolinker-0.15.3.tgz",
      "integrity": "sha1-NCQX2PLzRhsUzwkIjV7fh5HcmDI=",
      "dev": true
    },
    "base": {
      "version": "0.11.1",
      "resolved": "https://registry.npmjs.org/base/-/base-0.11.1.tgz",
      "integrity": "sha1-s2p/ERE4U6NCoVaR2Y4tzIpswnA=",
      "dev": true
    },
    "buffer-shims": {
      "version": "1.0.0",
      "resolved": "https://registry.npmjs.org/buffer-shims/-/buffer-shims-1.0.0.tgz",
      "integrity": "sha1-mXjOMXOIxkmth5MCjDR37wRKi1E="
    },
    "cache-base": {
      "version": "0.8.5",
      "resolved": "https://registry.npmjs.org/cache-base/-/cache-base-0.8.5.tgz",
      "integrity": "sha1-YM6zUEAh7O7HAR/TOEt/TpVym/o=",
      "dev": true,
      "dependencies": {
        "isobject": {
          "version": "3.0.0",
          "resolved": "https://registry.npmjs.org/isobject/-/isobject-3.0.0.tgz",
          "integrity": "sha1-OVZSF/NmF4nooKDAgNX35rxG4aA=",
          "dev": true
        }
      }
    },
    "class-utils": {
      "version": "0.3.5",
      "resolved": "https://registry.npmjs.org/class-utils/-/class-utils-0.3.5.tgz",
      "integrity": "sha1-F+eTEDdQ+WJ7IXbqNM/RtWWQPIA=",
      "dev": true,
      "dependencies": {
        "isobject": {
          "version": "3.0.0",
          "resolved": "https://registry.npmjs.org/isobject/-/isobject-3.0.0.tgz",
          "integrity": "sha1-OVZSF/NmF4nooKDAgNX35rxG4aA=",
          "dev": true
        }
      }
    },
    "collection-visit": {
      "version": "0.2.3",
      "resolved": "https://registry.npmjs.org/collection-visit/-/collection-visit-0.2.3.tgz",
      "integrity": "sha1-L2JIPK7MlfCDuaRUo+6eYTmteVc=",
      "dev": true
    },
    "commander": {
      "version": "2.3.0",
      "resolved": "https://registry.npmjs.org/commander/-/commander-2.3.0.tgz",
      "integrity": "sha1-/UMOiJgy7DU7ms0d4hfBHLPu+HM=",
      "dev": true
    },
    "component-emitter": {
      "version": "1.2.1",
      "resolved": "https://registry.npmjs.org/component-emitter/-/component-emitter-1.2.1.tgz",
      "integrity": "sha1-E3kY1teCg/ffemt8WmPhQOaUJeY=",
      "dev": true
    },
    "copy-descriptor": {
      "version": "0.1.1",
      "resolved": "https://registry.npmjs.org/copy-descriptor/-/copy-descriptor-0.1.1.tgz",
      "integrity": "sha1-Z29us8OZl8LuGsOpJP1hJHSPV40=",
      "dev": true
    },
    "core-util-is": {
      "version": "1.0.2",
      "resolved": "https://registry.npmjs.org/core-util-is/-/core-util-is-1.0.2.tgz",
      "integrity": "sha1-tf1UIgqivFq1eqtxQMlAdUUDwac="
    },
    "debug": {
      "version": "2.6.8",
      "resolved": "https://registry.npmjs.org/debug/-/debug-2.6.8.tgz",
      "integrity": "sha1-5zFTHKLt4n0YgiJCfaF4IdaP9Pw=",
      "dev": true
    },
    "define-property": {
      "version": "0.2.5",
      "resolved": "https://registry.npmjs.org/define-property/-/define-property-0.2.5.tgz",
      "integrity": "sha1-w1se+RjsPJkPmlvFe+BKrOxcgRY=",
      "dev": true
    },
    "diff": {
      "version": "1.4.0",
      "resolved": "https://registry.npmjs.org/diff/-/diff-1.4.0.tgz",
      "integrity": "sha1-fyjS657nsVqX79ic5j3P2qPMur8=",
      "dev": true
    },
    "escape-string-regexp": {
      "version": "1.0.2",
      "resolved": "https://registry.npmjs.org/escape-string-regexp/-/escape-string-regexp-1.0.2.tgz",
      "integrity": "sha1-Tbwv5nTnGUnK8/smlc5/LcHZqNE=",
      "dev": true
    },
    "expand-range": {
      "version": "1.8.2",
      "resolved": "https://registry.npmjs.org/expand-range/-/expand-range-1.8.2.tgz",
      "integrity": "sha1-opnv/TNf4nIeuujiV+x5ZE/IUzc=",
      "dev": true
    },
    "expand-reflinks": {
      "version": "0.2.1",
      "resolved": "https://registry.npmjs.org/expand-reflinks/-/expand-reflinks-0.2.1.tgz",
      "integrity": "sha1-bV4hmesO4+ZHTo7evppcbAWgKjA=",
      "dev": true
    },
    "extend-shallow": {
      "version": "2.0.1",
      "resolved": "https://registry.npmjs.org/extend-shallow/-/extend-shallow-2.0.1.tgz",
      "integrity": "sha1-Ua99YUrZqfYQ6huvu5idaxxWiQ8=",
      "dev": true
    },
    "fill-range": {
      "version": "2.2.3",
      "resolved": "https://registry.npmjs.org/fill-range/-/fill-range-2.2.3.tgz",
      "integrity": "sha1-ULd9/X5Gm8dJJHCWNpn+eoSFpyM=",
      "dev": true
    },
    "for-in": {
      "version": "1.0.2",
      "resolved": "https://registry.npmjs.org/for-in/-/for-in-1.0.2.tgz",
      "integrity": "sha1-gQaNKVqBQuwKxybG4iAMMPttXoA=",
      "dev": true
    },
    "fs-mkdirp-stream": {
      "version": "1.0.0",
      "resolved": "https://registry.npmjs.org/fs-mkdirp-stream/-/fs-mkdirp-stream-1.0.0.tgz",
      "integrity": "sha1-C3gV/DIBxqaeFNuYzgmMFpNSWes="
    },
    "get-value": {
      "version": "2.0.6",
      "resolved": "https://registry.npmjs.org/get-value/-/get-value-2.0.6.tgz",
      "integrity": "sha1-3BXKHGcjh8p2vTesCjlbogQqLCg=",
      "dev": true
    },
    "gfm-code-block-regex": {
      "version": "1.0.0",
      "resolved": "https://registry.npmjs.org/gfm-code-block-regex/-/gfm-code-block-regex-1.0.0.tgz",
      "integrity": "sha1-u4PH1ihOa1ty+gIZilisDSViFdI=",
      "dev": true
    },
    "gfm-code-blocks": {
      "version": "1.0.0",
      "resolved": "https://registry.npmjs.org/gfm-code-blocks/-/gfm-code-blocks-1.0.0.tgz",
      "integrity": "sha1-YU0hBZuETGu8nViMCJslxOi8zw0=",
      "dev": true
    },
    "glob": {
      "version": "3.2.11",
      "resolved": "https://registry.npmjs.org/glob/-/glob-3.2.11.tgz",
      "integrity": "sha1-Spc/Y1uRkPcV0QmH1cAP0oFevj0=",
      "dev": true
    },
    "graceful-fs": {
      "version": "4.1.11",
      "resolved": "https://registry.npmjs.org/graceful-fs/-/graceful-fs-4.1.11.tgz",
      "integrity": "sha1-Dovf5NHduIVNZOBOp8AOKgJuVlg="
    },
    "growl": {
      "version": "1.9.2",
      "resolved": "https://registry.npmjs.org/growl/-/growl-1.9.2.tgz",
      "integrity": "sha1-Dqd0NxXbjY3ixe3hd14bRayFwC8=",
      "dev": true
    },
    "gulp-format-md": {
      "version": "0.1.12",
      "resolved": "https://registry.npmjs.org/gulp-format-md/-/gulp-format-md-0.1.12.tgz",
      "integrity": "sha1-W+2PoXKLO37XL4aH7ALVIFz8kb8=",
      "dev": true
    },
    "has-value": {
      "version": "0.3.1",
      "resolved": "https://registry.npmjs.org/has-value/-/has-value-0.3.1.tgz",
      "integrity": "sha1-ex9YutpiyoJ+wKIHgCVlSEWZXh8=",
      "dev": true
    },
    "has-values": {
      "version": "0.1.4",
      "resolved": "https://registry.npmjs.org/has-values/-/has-values-0.1.4.tgz",
      "integrity": "sha1-bWHeldkd/Km5oCCJrThL/49it3E=",
      "dev": true
    },
    "inherits": {
      "version": "2.0.3",
      "resolved": "https://registry.npmjs.org/inherits/-/inherits-2.0.3.tgz",
      "integrity": "sha1-Yzwsg+PaQqUC9SRmAiSA9CCCYd4="
    },
    "is-accessor-descriptor": {
      "version": "0.1.6",
      "resolved": "https://registry.npmjs.org/is-accessor-descriptor/-/is-accessor-descriptor-0.1.6.tgz",
      "integrity": "sha1-qeEss66Nh2cn7u84Q/igiXtcmNY=",
      "dev": true
    },
    "is-buffer": {
      "version": "1.1.5",
      "resolved": "https://registry.npmjs.org/is-buffer/-/is-buffer-1.1.5.tgz",
      "integrity": "sha1-Hzsm72E7IUuIy8ojzGwB2Hlh7sw="
    },
    "is-data-descriptor": {
      "version": "0.1.4",
      "resolved": "https://registry.npmjs.org/is-data-descriptor/-/is-data-descriptor-0.1.4.tgz",
      "integrity": "sha1-C17mSDiOLIYCgueT8YVv7D8wG1Y=",
      "dev": true
    },
    "is-descriptor": {
      "version": "0.1.5",
      "resolved": "https://registry.npmjs.org/is-descriptor/-/is-descriptor-0.1.5.tgz",
      "integrity": "sha1-4/uLSrZfOjc3M4jhi0AdeMWMvqc=",
      "dev": true
    },
    "is-extendable": {
      "version": "0.1.1",
      "resolved": "https://registry.npmjs.org/is-extendable/-/is-extendable-0.1.1.tgz",
      "integrity": "sha1-YrEQ4omkcUGOPsNqYX1HLjAd/Ik=",
      "dev": true
    },
    "is-number": {
      "version": "2.1.0",
      "resolved": "https://registry.npmjs.org/is-number/-/is-number-2.1.0.tgz",
      "integrity": "sha1-Afy7s5NGOlSPL0ZszhbezknbkI8=",
      "dev": true
    },
    "is-plain-object": {
      "version": "2.0.3",
      "resolved": "https://registry.npmjs.org/is-plain-object/-/is-plain-object-2.0.3.tgz",
      "integrity": "sha1-wVvz5LZrYtcu+vKSWEhmPsvGGbY=",
      "dev": true,
      "dependencies": {
        "isobject": {
          "version": "3.0.0",
          "resolved": "https://registry.npmjs.org/isobject/-/isobject-3.0.0.tgz",
          "integrity": "sha1-OVZSF/NmF4nooKDAgNX35rxG4aA=",
          "dev": true
        }
      }
    },
    "isarray": {
      "version": "1.0.0",
      "resolved": "https://registry.npmjs.org/isarray/-/isarray-1.0.0.tgz",
      "integrity": "sha1-u5NdSFgsuhaMBoNJV6VKPgcSTxE="
    },
    "isobject": {
      "version": "2.1.0",
      "resolved": "https://registry.npmjs.org/isobject/-/isobject-2.1.0.tgz",
      "integrity": "sha1-8GVWEJaj8dou9GJy+BXIQNh+DIk=",
      "dev": true
    },
    "jade": {
      "version": "0.26.3",
      "resolved": "https://registry.npmjs.org/jade/-/jade-0.26.3.tgz",
      "integrity": "sha1-jxDXl32NefL2/4YqgbBRPMslaGw=",
      "dev": true,
      "dependencies": {
        "commander": {
          "version": "0.6.1",
          "resolved": "https://registry.npmjs.org/commander/-/commander-0.6.1.tgz",
          "integrity": "sha1-+mihT2qUXVTbvlDYzbMyDp47GgY=",
          "dev": true
        },
        "mkdirp": {
          "version": "0.3.0",
          "resolved": "https://registry.npmjs.org/mkdirp/-/mkdirp-0.3.0.tgz",
          "integrity": "sha1-G79asbqCevI1dRQ0kEJkVfSB/h4=",
          "dev": true
        }
      }
    },
    "kind-of": {
      "version": "3.2.2",
      "resolved": "https://registry.npmjs.org/kind-of/-/kind-of-3.2.2.tgz",
      "integrity": "sha1-MeohpzS6ubuw8yRm2JOupR5KPGQ="
    },
    "lazy-cache": {
      "version": "2.0.2",
      "resolved": "https://registry.npmjs.org/lazy-cache/-/lazy-cache-2.0.2.tgz",
      "integrity": "sha1-uRkKT5EzVGlIQIWfio9whNiCImQ="
    },
    "list-item": {
      "version": "1.1.1",
      "resolved": "https://registry.npmjs.org/list-item/-/list-item-1.1.1.tgz",
      "integrity": "sha1-DGXQDih8tmPMs8s4Sad+iewmilY=",
      "dev": true
    },
    "log-ok": {
      "version": "0.1.1",
      "resolved": "https://registry.npmjs.org/log-ok/-/log-ok-0.1.1.tgz",
      "integrity": "sha1-vqPdNqzQuKckDXhza1uXxlREozQ="
    },
    "lru-cache": {
      "version": "2.7.3",
      "resolved": "https://registry.npmjs.org/lru-cache/-/lru-cache-2.7.3.tgz",
      "integrity": "sha1-bUUk6LlV+V1PW1iFHOId1y+06VI=",
      "dev": true
    },
    "map-cache": {
      "version": "0.2.2",
      "resolved": "https://registry.npmjs.org/map-cache/-/map-cache-0.2.2.tgz",
      "integrity": "sha1-wyq9C9ZSXZsFFkW7TyasXcmKDb8=",
      "dev": true
    },
    "map-visit": {
      "version": "0.1.5",
      "resolved": "https://registry.npmjs.org/map-visit/-/map-visit-0.1.5.tgz",
      "integrity": "sha1-2+Q5J85VJbgN/BVzpE1oxR8mgWs=",
      "dev": true
    },
    "markdown-utils": {
      "version": "0.7.3",
      "resolved": "https://registry.npmjs.org/markdown-utils/-/markdown-utils-0.7.3.tgz",
      "integrity": "sha1-TFg6MeJR1psxOs6zgCpPXRsPHnY=",
      "dev": true
    },
    "minimatch": {
      "version": "0.3.0",
      "resolved": "https://registry.npmjs.org/minimatch/-/minimatch-0.3.0.tgz",
      "integrity": "sha1-J12O2qxPG7MyZHIInnlJyDlGmd0=",
      "dev": true
    },
    "minimist": {
      "version": "1.2.0",
      "resolved": "https://registry.npmjs.org/minimist/-/minimist-1.2.0.tgz",
      "integrity": "sha1-o1AIsg9BOD7sH7kU9M1d95omQoQ="
    },
    "mixin-deep": {
      "version": "1.2.0",
      "resolved": "https://registry.npmjs.org/mixin-deep/-/mixin-deep-1.2.0.tgz",
      "integrity": "sha1-0CuMb4ttS49ZgtP9AJxJGYUcP+I=",
      "dev": true
    },
    "mkdirp": {
      "version": "0.5.1",
      "resolved": "https://registry.npmjs.org/mkdirp/-/mkdirp-0.5.1.tgz",
      "integrity": "sha1-MAV0OOrGz3+MR2fzhkjWaX11yQM=",
      "dev": true
    },
    "mocha": {
      "version": "2.5.3",
      "resolved": "https://registry.npmjs.org/mocha/-/mocha-2.5.3.tgz",
      "integrity": "sha1-FhvlvetJZ3HrmzV0UFC2IrWu/Fg=",
      "dev": true,
      "dependencies": {
        "debug": {
          "version": "2.2.0",
          "resolved": "https://registry.npmjs.org/debug/-/debug-2.2.0.tgz",
          "integrity": "sha1-+HBX6ZWxofauaklgZkE3vFbwOdo=",
          "dev": true
        },
        "ms": {
          "version": "0.7.1",
          "resolved": "https://registry.npmjs.org/ms/-/ms-0.7.1.tgz",
          "integrity": "sha1-nNE8A62/8ltl7/3nzoZO6VIBcJg=",
          "dev": true
        }
      }
    },
    "ms": {
      "version": "2.0.0",
      "resolved": "https://registry.npmjs.org/ms/-/ms-2.0.0.tgz",
      "integrity": "sha1-VgiurfwAvmwpAd9fmGF4jeDVl8g=",
      "dev": true
    },
    "object-copy": {
      "version": "0.1.0",
      "resolved": "https://registry.npmjs.org/object-copy/-/object-copy-0.1.0.tgz",
      "integrity": "sha1-fn2Fi3gb18mRpBupde04EnVOmYw=",
      "dev": true
    },
    "object-visit": {
      "version": "0.3.4",
      "resolved": "https://registry.npmjs.org/object-visit/-/object-visit-0.3.4.tgz",
      "integrity": "sha1-rhXPhvCy/dVRdxY2RIRSxUw9qCk=",
      "dev": true
    },
    "pascalcase": {
      "version": "0.1.1",
      "resolved": "https://registry.npmjs.org/pascalcase/-/pascalcase-0.1.1.tgz",
      "integrity": "sha1-s2PlXoAGym/iF4TS2yK9FdeRfxQ=",
      "dev": true
    },
    "pretty-remarkable": {
      "version": "0.4.1",
      "resolved": "https://registry.npmjs.org/pretty-remarkable/-/pretty-remarkable-0.4.1.tgz",
      "integrity": "sha1-Q3tTyKfUxHpZM8AbslmC+EBWAgE=",
      "dev": true
    },
    "process-nextick-args": {
      "version": "1.0.7",
      "resolved": "https://registry.npmjs.org/process-nextick-args/-/process-nextick-args-1.0.7.tgz",
      "integrity": "sha1-FQ4gt1ZZCtP5EJPyWk8q2L/zC6M="
    },
    "randomatic": {
      "version": "1.1.6",
      "resolved": "https://registry.npmjs.org/randomatic/-/randomatic-1.1.6.tgz",
      "integrity": "sha1-EQ3Kv/OX6dz/fAeJzMCkmt8exbs=",
      "dev": true
    },
    "readable-stream": {
      "version": "2.2.9",
      "resolved": "https://registry.npmjs.org/readable-stream/-/readable-stream-2.2.9.tgz",
      "integrity": "sha1-z3jsb0ptHrQ9JkiMrJfwQudLf8g="
    },
    "regex-not": {
      "version": "1.0.0",
      "resolved": "https://registry.npmjs.org/regex-not/-/regex-not-1.0.0.tgz",
      "integrity": "sha1-Qvg+OXcWIt+CawKvF2Ul1qXxV/k=",
      "dev": true
    },
    "remarkable": {
      "version": "1.7.1",
      "resolved": "https://registry.npmjs.org/remarkable/-/remarkable-1.7.1.tgz",
      "integrity": "sha1-qspJchALZqZCpjoQIcpLrBvjv/Y=",
      "dev": true
    },
    "repeat-element": {
      "version": "1.1.2",
      "resolved": "https://registry.npmjs.org/repeat-element/-/repeat-element-1.1.2.tgz",
      "integrity": "sha1-7wiaF40Ug7quTZPrmLT55OEdmQo=",
      "dev": true
    },
    "repeat-string": {
      "version": "1.6.1",
      "resolved": "https://registry.npmjs.org/repeat-string/-/repeat-string-1.6.1.tgz",
      "integrity": "sha1-jcrkcOHIirwtYA//Sndihtp15jc=",
      "dev": true
    },
    "resolve-url": {
      "version": "0.2.1",
      "resolved": "https://registry.npmjs.org/resolve-url/-/resolve-url-0.2.1.tgz",
      "integrity": "sha1-LGN/53yJOv0qZj/iGqkIAGjiBSo=",
      "dev": true
    },
    "safe-buffer": {
      "version": "5.0.1",
      "resolved": "https://registry.npmjs.org/safe-buffer/-/safe-buffer-5.0.1.tgz",
      "integrity": "sha1-0mPKVGls2KMGtcplUekt5XkY++c="
    },
    "sections": {
      "version": "0.1.10",
      "resolved": "https://registry.npmjs.org/sections/-/sections-0.1.10.tgz",
      "integrity": "sha1-tHR9iroYKaE0WikanbXSUyl3eH8=",
      "dev": true
    },
    "set-getter": {
      "version": "0.1.0",
      "resolved": "https://registry.npmjs.org/set-getter/-/set-getter-0.1.0.tgz",
      "integrity": "sha1-12nBgsnVpR9AkUXy+6guXoboA3Y="
    },
    "set-value": {
      "version": "0.4.3",
      "resolved": "https://registry.npmjs.org/set-value/-/set-value-0.4.3.tgz",
      "integrity": "sha1-fbCPnT0i3H945Trzw79GZuzfzPE=",
      "dev": true
    },
    "sigmund": {
      "version": "1.0.1",
      "resolved": "https://registry.npmjs.org/sigmund/-/sigmund-1.0.1.tgz",
      "integrity": "sha1-P/IfGYytIXX587eBhT/ZTQ0ZtZA=",
      "dev": true
    },
    "snapdragon": {
      "version": "0.8.1",
      "resolved": "https://registry.npmjs.org/snapdragon/-/snapdragon-0.8.1.tgz",
      "integrity": "sha1-4StUh/re0+PeoKyR6UAL91tAE3A=",
      "dev": true
    },
    "source-map": {
      "version": "0.5.6",
      "resolved": "https://registry.npmjs.org/source-map/-/source-map-0.5.6.tgz",
      "integrity": "sha1-dc449SvwczxafwwRjYEzSiu19BI=",
      "dev": true
    },
    "source-map-resolve": {
      "version": "0.5.0",
      "resolved": "https://registry.npmjs.org/source-map-resolve/-/source-map-resolve-0.5.0.tgz",
      "integrity": "sha1-/K0LZLcK+ydpnkJZUMtevNQQvCA=",
      "dev": true
    },
    "source-map-url": {
      "version": "0.4.0",
      "resolved": "https://registry.npmjs.org/source-map-url/-/source-map-url-0.4.0.tgz",
      "integrity": "sha1-PpNdfd1zYxuXZZlW1VEo6HtQhKM=",
      "dev": true
    },
    "static-extend": {
      "version": "0.1.2",
      "resolved": "https://registry.npmjs.org/static-extend/-/static-extend-0.1.2.tgz",
      "integrity": "sha1-YICcOcv/VTNyJv1eC1IPNB8ftcY=",
      "dev": true
    },
    "string_decoder": {
      "version": "1.0.1",
      "resolved": "https://registry.npmjs.org/string_decoder/-/string_decoder-1.0.1.tgz",
      "integrity": "sha1-YuIA8DmVWmgQ2N8KM//A8BNmLZg="
    },
    "success-symbol": {
      "version": "0.1.0",
      "resolved": "https://registry.npmjs.org/success-symbol/-/success-symbol-0.1.0.tgz",
      "integrity": "sha1-JAIuSG878c3KCUKDt2nEctO3KJc="
    },
    "supports-color": {
      "version": "1.2.0",
      "resolved": "https://registry.npmjs.org/supports-color/-/supports-color-1.2.0.tgz",
      "integrity": "sha1-/x7R5hFp0Gs88tWI4YixjYhH4X4=",
      "dev": true
    },
    "through2": {
      "version": "2.0.3",
      "resolved": "https://registry.npmjs.org/through2/-/through2-2.0.3.tgz",
      "integrity": "sha1-AARWmzfHx0ujnEPzzteNGtlBQL4="
    },
    "to-gfm-code-block": {
      "version": "0.1.1",
      "resolved": "https://registry.npmjs.org/to-gfm-code-block/-/to-gfm-code-block-0.1.1.tgz",
      "integrity": "sha1-JdBFpfrlUxielje1kJANpzLYqoI=",
      "dev": true
    },
    "to-iso-string": {
      "version": "0.0.2",
      "resolved": "https://registry.npmjs.org/to-iso-string/-/to-iso-string-0.0.2.tgz",
      "integrity": "sha1-TcGeZk38y+Jb2NtQiwDG2hWCVdE=",
      "dev": true
    },
    "to-object-path": {
      "version": "0.3.0",
      "resolved": "https://registry.npmjs.org/to-object-path/-/to-object-path-0.3.0.tgz",
      "integrity": "sha1-KXWIt7Dn4KwI4E5nL4XB9JmeF68="
    },
    "to-regex": {
      "version": "3.0.1",
      "resolved": "https://registry.npmjs.org/to-regex/-/to-regex-3.0.1.tgz",
      "integrity": "sha1-FTWL7kosg712N3uh3ASdDxiDeq4=",
      "dev": true
    },
    "underscore": {
      "version": "1.7.0",
      "resolved": "https://registry.npmjs.org/underscore/-/underscore-1.7.0.tgz",
      "integrity": "sha1-a7rwh3UA02vjTsqlhODbn+8DUgk=",
      "dev": true
    },
    "underscore.string": {
      "version": "2.4.0",
      "resolved": "https://registry.npmjs.org/underscore.string/-/underscore.string-2.4.0.tgz",
      "integrity": "sha1-jN2PusTi0uoefi6Al8QvRCKA+Fs=",
      "dev": true
    },
    "union-value": {
      "version": "0.2.4",
      "resolved": "https://registry.npmjs.org/union-value/-/union-value-0.2.4.tgz",
      "integrity": "sha1-c3UVJ4ZnkFfns3qmdug0aPwCdPA=",
      "dev": true
    },
    "unset-value": {
      "version": "0.1.2",
      "resolved": "https://registry.npmjs.org/unset-value/-/unset-value-0.1.2.tgz",
      "integrity": "sha1-UGgQuGfyfCpabpsEgzYx9t5Y0xA=",
      "dev": true,
      "dependencies": {
        "isobject": {
          "version": "3.0.0",
          "resolved": "https://registry.npmjs.org/isobject/-/isobject-3.0.0.tgz",
          "integrity": "sha1-OVZSF/NmF4nooKDAgNX35rxG4aA=",
          "dev": true
        }
      }
    },
    "urix": {
      "version": "0.1.0",
      "resolved": "https://registry.npmjs.org/urix/-/urix-0.1.0.tgz",
      "integrity": "sha1-2pN/emLiH+wf0Y1Js1wpNQZ6bHI=",
      "dev": true
    },
    "use": {
      "version": "2.0.2",
      "resolved": "https://registry.npmjs.org/use/-/use-2.0.2.tgz",
      "integrity": "sha1-riig1y+TvyJCKhii43mZMRLeyOg=",
      "dev": true,
      "dependencies": {
        "isobject": {
          "version": "3.0.0",
          "resolved": "https://registry.npmjs.org/isobject/-/isobject-3.0.0.tgz",
          "integrity": "sha1-OVZSF/NmF4nooKDAgNX35rxG4aA=",
          "dev": true
        }
      }
    },
    "util-deprecate": {
      "version": "1.0.2",
      "resolved": "https://registry.npmjs.org/util-deprecate/-/util-deprecate-1.0.2.tgz",
      "integrity": "sha1-RQ1Nyfpw3nMnYvvS1KKJgUGaDM8="
    },
    "xtend": {
      "version": "4.0.1",
      "resolved": "https://registry.npmjs.org/xtend/-/xtend-4.0.1.tgz",
      "integrity": "sha1-pcbVMr5lbiPbgg77lDofBJmNY68="
    }
  }
}
